
Microsoft Visual Studio Solution File, Format Version 12.00
# Visual Studio Version 17
VisualStudioVersion = 17.11.35327.3
MinimumVisualStudioVersion = 10.0.40219.1
Project("{9A19103F-16F7-4668-BE54-9A1E7A4F7556}") = "BankingSystemPET.BL", "BankingSystemPET.BL\BankingSystemPET.BL.csproj", "{E4154650-E87A-44B9-9099-6089A5231AC9}"
EndProject
Project("{9A19103F-16F7-4668-BE54-9A1E7A4F7556}") = "BankingSystemPET.CMD", "BankingSystemPET.CMD\BankingSystemPET.CMD.csproj", "{1F50F7D9-5C35-4B92-8207-47B8850F37A0}"
EndProject
Project("{FAE04EC0-301F-11D3-BF4B-00C04F79EFBC}") = "BankingSystemPET.BLTests", "BankingSystemPET.BLTests\BankingSystemPET.BLTests.csproj", "{E99E8268-3F49-4D29-BC9F-C3626A52BDB1}"
EndProject
Global
	GlobalSection(SolutionConfigurationPlatforms) = preSolution
		Debug|Any CPU = Debug|Any CPU
		Release|Any CPU = Release|Any CPU
	EndGlobalSection
	GlobalSection(ProjectConfigurationPlatforms) = postSolution
		{E4154650-E87A-44B9-9099-6089A5231AC9}.Debug|Any CPU.ActiveCfg = Debug|Any CPU
		{E4154650-E87A-44B9-9099-6089A5231AC9}.Debug|Any CPU.Build.0 = Debug|Any CPU
		{E4154650-E87A-44B9-9099-6089A5231AC9}.Release|Any CPU.ActiveCfg = Release|Any CPU
		{E4154650-E87A-44B9-9099-6089A5231AC9}.Release|Any CPU.Build.0 = Release|Any CPU
		{1F50F7D9-5C35-4B92-8207-47B8850F37A0}.Debug|Any CPU.ActiveCfg = Debug|Any CPU
		{1F50F7D9-5C35-4B92-8207-47B8850F37A0}.Debug|Any CPU.Build.0 = Debug|Any CPU
		{1F50F7D9-5C35-4B92-8207-47B8850F37A0}.Release|Any CPU.ActiveCfg = Release|Any CPU
		{1F50F7D9-5C35-4B92-8207-47B8850F37A0}.Release|Any CPU.Build.0 = Release|Any CPU
		{E99E8268-3F49-4D29-BC9F-C3626A52BDB1}.Debug|Any CPU.ActiveCfg = Debug|Any CPU
		{E99E8268-3F49-4D29-BC9F-C3626A52BDB1}.Debug|Any CPU.Build.0 = Debug|Any CPU
		{E99E8268-3F49-4D29-BC9F-C3626A52BDB1}.Release|Any CPU.ActiveCfg = Release|Any CPU
		{E99E8268-3F49-4D29-BC9F-C3626A52BDB1}.Release|Any CPU.Build.0 = Release|Any CPU
	EndGlobalSection
	GlobalSection(SolutionProperties) = preSolution
		HideSolutionNode = FALSE
	EndGlobalSection
	GlobalSection(ExtensibilityGlobals) = postSolution
		SolutionGuid = {3E72213F-860E-4CCE-919C-A067EF434767}
	EndGlobalSection
EndGlobal
